
Microsoft Visual Studio Solution File, Format Version 12.00
# Visual Studio Version 16
VisualStudioVersion = 16.0.33214.272
MinimumVisualStudioVersion = 10.0.40219.1
Project("{9A19103F-16F7-4668-BE54-9A1E7A4F7556}") = "Singleton", "Singleton\Singleton.csproj", "{4762761E-D219-4CB0-8D82-A374012FB822}"
EndProject
Project("{FAE04EC0-301F-11D3-BF4B-00C04F79EFBC}") = "Prototype1", "Prototype1\Prototype1.csproj", "{C3F32A23-7703-4001-AE4D-707680B13BB4}"
EndProject
Project("{FAE04EC0-301F-11D3-BF4B-00C04F79EFBC}") = "Factory", "Factory\Factory.csproj", "{4E6C4C66-F5D5-4F2E-B90E-CEA9B9758929}"
EndProject
Global
	GlobalSection(SolutionConfigurationPlatforms) = preSolution
		Debug|Any CPU = Debug|Any CPU
		Release|Any CPU = Release|Any CPU
	EndGlobalSection
	GlobalSection(ProjectConfigurationPlatforms) = postSolution
		{4762761E-D219-4CB0-8D82-A374012FB822}.Debug|Any CPU.ActiveCfg = Debug|Any CPU
		{4762761E-D219-4CB0-8D82-A374012FB822}.Debug|Any CPU.Build.0 = Debug|Any CPU
		{4762761E-D219-4CB0-8D82-A374012FB822}.Release|Any CPU.ActiveCfg = Release|Any CPU
		{4762761E-D219-4CB0-8D82-A374012FB822}.Release|Any CPU.Build.0 = Release|Any CPU
		{C3F32A23-7703-4001-AE4D-707680B13BB4}.Debug|Any CPU.ActiveCfg = Debug|Any CPU
		{C3F32A23-7703-4001-AE4D-707680B13BB4}.Debug|Any CPU.Build.0 = Debug|Any CPU
		{C3F32A23-7703-4001-AE4D-707680B13BB4}.Release|Any CPU.ActiveCfg = Release|Any CPU
		{C3F32A23-7703-4001-AE4D-707680B13BB4}.Release|Any CPU.Build.0 = Release|Any CPU
		{4E6C4C66-F5D5-4F2E-B90E-CEA9B9758929}.Debug|Any CPU.ActiveCfg = Debug|Any CPU
		{4E6C4C66-F5D5-4F2E-B90E-CEA9B9758929}.Debug|Any CPU.Build.0 = Debug|Any CPU
		{4E6C4C66-F5D5-4F2E-B90E-CEA9B9758929}.Release|Any CPU.ActiveCfg = Release|Any CPU
		{4E6C4C66-F5D5-4F2E-B90E-CEA9B9758929}.Release|Any CPU.Build.0 = Release|Any CPU
	EndGlobalSection
	GlobalSection(SolutionProperties) = preSolution
		HideSolutionNode = FALSE
	EndGlobalSection
	GlobalSection(ExtensibilityGlobals) = postSolution
		SolutionGuid = {4359BFD6-07B0-4ABB-BC53-527A822310B4}
	EndGlobalSection
EndGlobal
